
Microsoft Visual Studio Solution File, Format Version 12.00
# Visual Studio Version 16
VisualStudioVersion = 16.0.30717.126
MinimumVisualStudioVersion = 10.0.40219.1
Project("{FAE04EC0-301F-11D3-BF4B-00C04F79EFBC}") = "RailflowXunitLogger", "RailflowXunitLogger\RailflowXunitLogger.csproj", "{55F57BB0-E52D-4053-9ED5-ED01895FCF5F}"
EndProject
Global
	GlobalSection(SolutionConfigurationPlatforms) = preSolution
		Debug|Any CPU = Debug|Any CPU
		Release|Any CPU = Release|Any CPU
	EndGlobalSection
	GlobalSection(ProjectConfigurationPlatforms) = postSolution
		{55F57BB0-E52D-4053-9ED5-ED01895FCF5F}.Debug|Any CPU.ActiveCfg = Debug|Any CPU
		{55F57BB0-E52D-4053-9ED5-ED01895FCF5F}.Debug|Any CPU.Build.0 = Debug|Any CPU
		{55F57BB0-E52D-4053-9ED5-ED01895FCF5F}.Release|Any CPU.ActiveCfg = Release|Any CPU
		{55F57BB0-E52D-4053-9ED5-ED01895FCF5F}.Release|Any CPU.Build.0 = Release|Any CPU
	EndGlobalSection
	GlobalSection(SolutionProperties) = preSolution
		HideSolutionNode = FALSE
	EndGlobalSection
	GlobalSection(ExtensibilityGlobals) = postSolution
		SolutionGuid = {73C820A8-8659-49A1-A38C-AC1FC13A8F88}
	EndGlobalSection
EndGlobal
